
Microsoft Visual Studio Solution File, Format Version 12.00
# Visual Studio Version 16
VisualStudioVersion = 16.0.30503.244
MinimumVisualStudioVersion = 10.0.40219.1
Project("{8BC9CEB8-8B4A-11D0-8D11-00A0C91BC942}") = "Арифметическое сжатие", "Арифметическое сжатие\Арифметическое сжатие.vcxproj", "{89B32B42-996A-40FA-984A-EB864501D19C}"
EndProject
Project("{8BC9CEB8-8B4A-11D0-8D11-00A0C91BC942}") = "Декодирование", "Декодирование\Декодирование.vcxproj", "{EC4CDBDF-4024-4613-B8EF-CD57EE785751}"
EndProject
Project("{2150E333-8FDC-42A3-9474-1A3956D46DE8}") = "Solution Items", "Solution Items", "{EFB19AF7-C29D-4548-9276-2707B4000908}"
	ProjectSection(SolutionItems) = preProject
		частоты.txt = частоты.txt
	EndProjectSection
EndProject
Global
	GlobalSection(SolutionConfigurationPlatforms) = preSolution
		Debug|x64 = Debug|x64
		Debug|x86 = Debug|x86
		Release|x64 = Release|x64
		Release|x86 = Release|x86
	EndGlobalSection
	GlobalSection(ProjectConfigurationPlatforms) = postSolution
		{89B32B42-996A-40FA-984A-EB864501D19C}.Debug|x64.ActiveCfg = Debug|x64
		{89B32B42-996A-40FA-984A-EB864501D19C}.Debug|x64.Build.0 = Debug|x64
		{89B32B42-996A-40FA-984A-EB864501D19C}.Debug|x86.ActiveCfg = Debug|Win32
		{89B32B42-996A-40FA-984A-EB864501D19C}.Debug|x86.Build.0 = Debug|Win32
		{89B32B42-996A-40FA-984A-EB864501D19C}.Release|x64.ActiveCfg = Release|x64
		{89B32B42-996A-40FA-984A-EB864501D19C}.Release|x64.Build.0 = Release|x64
		{89B32B42-996A-40FA-984A-EB864501D19C}.Release|x86.ActiveCfg = Release|Win32
		{89B32B42-996A-40FA-984A-EB864501D19C}.Release|x86.Build.0 = Release|Win32
		{EC4CDBDF-4024-4613-B8EF-CD57EE785751}.Debug|x64.ActiveCfg = Debug|x64
		{EC4CDBDF-4024-4613-B8EF-CD57EE785751}.Debug|x64.Build.0 = Debug|x64
		{EC4CDBDF-4024-4613-B8EF-CD57EE785751}.Debug|x86.ActiveCfg = Debug|Win32
		{EC4CDBDF-4024-4613-B8EF-CD57EE785751}.Debug|x86.Build.0 = Debug|Win32
		{EC4CDBDF-4024-4613-B8EF-CD57EE785751}.Release|x64.ActiveCfg = Release|x64
		{EC4CDBDF-4024-4613-B8EF-CD57EE785751}.Release|x64.Build.0 = Release|x64
		{EC4CDBDF-4024-4613-B8EF-CD57EE785751}.Release|x86.ActiveCfg = Release|Win32
		{EC4CDBDF-4024-4613-B8EF-CD57EE785751}.Release|x86.Build.0 = Release|Win32
	EndGlobalSection
	GlobalSection(SolutionProperties) = preSolution
		HideSolutionNode = FALSE
	EndGlobalSection
	GlobalSection(ExtensibilityGlobals) = postSolution
		SolutionGuid = {FBC56443-BDE8-4508-A721-B3A484C1956B}
	EndGlobalSection
EndGlobal
